// !$*UTF8*$!
{
	archiveVersion = 1;
	classes = {
	};
	objectVersion = 50;
	objects = {

/* Begin PBXBuildFile section */
		3672959F26CACCCC00C32D2C /* Account+CoreDataClass.swift in Sources */ = {isa = PBXBuildFile; fileRef = 3672959D26CACCCC00C32D2C /* Account+CoreDataClass.swift */; };
		367295A026CACCCC00C32D2C /* Account+CoreDataProperties.swift in Sources */ = {isa = PBXBuildFile; fileRef = 3672959E26CACCCC00C32D2C /* Account+CoreDataProperties.swift */; };
		367582922684FCE300752209 /* AppDelegate.swift in Sources */ = {isa = PBXBuildFile; fileRef = 367582912684FCE300752209 /* AppDelegate.swift */; };
		367582942684FCE300752209 /* SceneDelegate.swift in Sources */ = {isa = PBXBuildFile; fileRef = 367582932684FCE300752209 /* SceneDelegate.swift */; };
		367582962684FCE300752209 /* ViewController.swift in Sources */ = {isa = PBXBuildFile; fileRef = 367582952684FCE300752209 /* ViewController.swift */; };
		367582992684FCE300752209 /* Main.storyboard in Resources */ = {isa = PBXBuildFile; fileRef = 367582972684FCE300752209 /* Main.storyboard */; };
		3675829C2684FCE300752209 /* CoreDataFRC.xcdatamodeld in Sources */ = {isa = PBXBuildFile; fileRef = 3675829A2684FCE300752209 /* CoreDataFRC.xcdatamodeld */; };
		3675829E2684FCE500752209 /* Assets.xcassets in Resources */ = {isa = PBXBuildFile; fileRef = 3675829D2684FCE500752209 /* Assets.xcassets */; };
		367582A12684FCE500752209 /* LaunchScreen.storyboard in Resources */ = {isa = PBXBuildFile; fileRef = 3675829F2684FCE500752209 /* LaunchScreen.storyboard */; };
		367582AA2684FD1100752209 /* CoreDataStack.swift in Sources */ = {isa = PBXBuildFile; fileRef = 367582A92684FD1100752209 /* CoreDataStack.swift */; };
		367582AD2684FF9900752209 /* DIContainer.swift in Sources */ = {isa = PBXBuildFile; fileRef = 367582AC2684FF9900752209 /* DIContainer.swift */; };
		367582B0268500CC00752209 /* TableViewController.swift in Sources */ = {isa = PBXBuildFile; fileRef = 367582AF268500CC00752209 /* TableViewController.swift */; };
		367582B5268502D300752209 /* Card+CoreDataClass.swift in Sources */ = {isa = PBXBuildFile; fileRef = 367582B3268502D300752209 /* Card+CoreDataClass.swift */; };
		367582B6268502D300752209 /* Card+CoreDataProperties.swift in Sources */ = {isa = PBXBuildFile; fileRef = 367582B4268502D300752209 /* Card+CoreDataProperties.swift */; };
/* End PBXBuildFile section */

/* Begin PBXFileReference section */
		3672959D26CACCCC00C32D2C /* Account+CoreDataClass.swift */ = {isa = PBXFileReference; lastKnownFileType = sourcecode.swift; path = "Account+CoreDataClass.swift"; sourceTree = "<group>"; };
		3672959E26CACCCC00C32D2C /* Account+CoreDataProperties.swift */ = {isa = PBXFileReference; lastKnownFileType = sourcecode.swift; path = "Account+CoreDataProperties.swift"; sourceTree = "<group>"; };
		3675828E2684FCE300752209 /* CoreDataFRC.app */ = {isa = PBXFileReference; explicitFileType = wrapper.application; includeInIndex = 0; path = CoreDataFRC.app; sourceTree = BUILT_PRODUCTS_DIR; };
		367582912684FCE300752209 /* AppDelegate.swift */ = {isa = PBXFileReference; lastKnownFileType = sourcecode.swift; path = AppDelegate.swift; sourceTree = "<group>"; };
		367582932684FCE300752209 /* SceneDelegate.swift */ = {isa = PBXFileReference; lastKnownFileType = sourcecode.swift; path = SceneDelegate.swift; sourceTree = "<group>"; };
		367582952684FCE300752209 /* ViewController.swift */ = {isa = PBXFileReference; lastKnownFileType = sourcecode.swift; path = ViewController.swift; sourceTree = "<group>"; };
		367582982684FCE300752209 /* Base */ = {isa = PBXFileReference; lastKnownFileType = file.storyboard; name = Base; path = Base.lproj/Main.storyboard; sourceTree = "<group>"; };
		3675829B2684FCE300752209 /* CoreDataFRC.xcdatamodel */ = {isa = PBXFileReference; lastKnownFileType = wrapper.xcdatamodel; path = CoreDataFRC.xcdatamodel; sourceTree = "<group>"; };
		3675829D2684FCE500752209 /* Assets.xcassets */ = {isa = PBXFileReference; lastKnownFileType = folder.assetcatalog; path = Assets.xcassets; sourceTree = "<group>"; };
		367582A02684FCE500752209 /* Base */ = {isa = PBXFileReference; lastKnownFileType = file.storyboard; name = Base; path = Base.lproj/LaunchScreen.storyboard; sourceTree = "<group>"; };
		367582A22684FCE500752209 /* Info.plist */ = {isa = PBXFileReference; lastKnownFileType = text.plist.xml; path = Info.plist; sourceTree = "<group>"; };
		367582A92684FD1100752209 /* CoreDataStack.swift */ = {isa = PBXFileReference; lastKnownFileType = sourcecode.swift; path = CoreDataStack.swift; sourceTree = "<group>"; };
		367582AC2684FF9900752209 /* DIContainer.swift */ = {isa = PBXFileReference; lastKnownFileType = sourcecode.swift; path = DIContainer.swift; sourceTree = "<group>"; };
		367582AF268500CC00752209 /* TableViewController.swift */ = {isa = PBXFileReference; lastKnownFileType = sourcecode.swift; path = TableViewController.swift; sourceTree = "<group>"; };
		367582B3268502D300752209 /* Card+CoreDataClass.swift */ = {isa = PBXFileReference; lastKnownFileType = sourcecode.swift; path = "Card+CoreDataClass.swift"; sourceTree = "<group>"; };
		367582B4268502D300752209 /* Card+CoreDataProperties.swift */ = {isa = PBXFileReference; lastKnownFileType = sourcecode.swift; path = "Card+CoreDataProperties.swift"; sourceTree = "<group>"; };
/* End PBXFileReference section */

/* Begin PBXFrameworksBuildPhase section */
		3675828B2684FCE300752209 /* Frameworks */ = {
			isa = PBXFrameworksBuildPhase;
			buildActionMask = 2147483647;
			files = (
			);
			runOnlyForDeploymentPostprocessing = 0;
		};
/* End PBXFrameworksBuildPhase section */

/* Begin PBXGroup section */
		367582852684FCE300752209 = {
			isa = PBXGroup;
			children = (
				367582902684FCE300752209 /* CoreDataFRC */,
				3675828F2684FCE300752209 /* Products */,
			);
			sourceTree = "<group>";
		};
		3675828F2684FCE300752209 /* Products */ = {
			isa = PBXGroup;
			children = (
				3675828E2684FCE300752209 /* CoreDataFRC.app */,
			);
			name = Products;
			sourceTree = "<group>";
		};
		367582902684FCE300752209 /* CoreDataFRC */ = {
			isa = PBXGroup;
			children = (
				3672959D26CACCCC00C32D2C /* Account+CoreDataClass.swift */,
				3672959E26CACCCC00C32D2C /* Account+CoreDataProperties.swift */,
				367582B3268502D300752209 /* Card+CoreDataClass.swift */,
				367582B4268502D300752209 /* Card+CoreDataProperties.swift */,
				367582912684FCE300752209 /* AppDelegate.swift */,
				367582932684FCE300752209 /* SceneDelegate.swift */,
				367582952684FCE300752209 /* ViewController.swift */,
				367582AF268500CC00752209 /* TableViewController.swift */,
				367582972684FCE300752209 /* Main.storyboard */,
				3675829D2684FCE500752209 /* Assets.xcassets */,
				3675829F2684FCE500752209 /* LaunchScreen.storyboard */,
				367582A22684FCE500752209 /* Info.plist */,
				367582A92684FD1100752209 /* CoreDataStack.swift */,
				3675829A2684FCE300752209 /* CoreDataFRC.xcdatamodeld */,
				367582AC2684FF9900752209 /* DIContainer.swift */,
			);
			path = CoreDataFRC;
			sourceTree = "<group>";
		};
/* End PBXGroup section */

/* Begin PBXNativeTarget section */
		3675828D2684FCE300752209 /* CoreDataFRC */ = {
			isa = PBXNativeTarget;
			buildConfigurationList = 367582A52684FCE500752209 /* Build configuration list for PBXNativeTarget "CoreDataFRC" */;
			buildPhases = (
				3675828A2684FCE300752209 /* Sources */,
				3675828B2684FCE300752209 /* Frameworks */,
				3675828C2684FCE300752209 /* Resources */,
			);
			buildRules = (
			);
			dependencies = (
			);
			name = CoreDataFRC;
			productName = CoreDataFRC;
			productReference = 3675828E2684FCE300752209 /* CoreDataFRC.app */;
			productType = "com.apple.product-type.application";
		};
/* End PBXNativeTarget section */

/* Begin PBXProject section */
		367582862684FCE300752209 /* Project object */ = {
			isa = PBXProject;
			attributes = {
				LastSwiftUpdateCheck = 1240;
				LastUpgradeCheck = 1240;
				TargetAttributes = {
					3675828D2684FCE300752209 = {
						CreatedOnToolsVersion = 12.4;
					};
				};
			};
			buildConfigurationList = 367582892684FCE300752209 /* Build configuration list for PBXProject "CoreDataFRC" */;
			compatibilityVersion = "Xcode 9.3";
			developmentRegion = en;
			hasScannedForEncodings = 0;
			knownRegions = (
				en,
				Base,
			);
			mainGroup = 367582852684FCE300752209;
			productRefGroup = 3675828F2684FCE300752209 /* Products */;
			projectDirPath = "";
			projectRoot = "";
			targets = (
				3675828D2684FCE300752209 /* CoreDataFRC */,
			);
		};
/* End PBXProject section */

/* Begin PBXResourcesBuildPhase section */
		3675828C2684FCE300752209 /* Resources */ = {
			isa = PBXResourcesBuildPhase;
			buildActionMask = 2147483647;
			files = (
				367582A12684FCE500752209 /* LaunchScreen.storyboard in Resources */,
				3675829E2684FCE500752209 /* Assets.xcassets in Resources */,
				367582992684FCE300752209 /* Main.storyboard in Resources */,
			);
			runOnlyForDeploymentPostprocessing = 0;
		};
/* End PBXResourcesBuildPhase section */

/* Begin PBXSourcesBuildPhase section */
		3675828A2684FCE300752209 /* Sources */ = {
			isa = PBXSourcesBuildPhase;
			buildActionMask = 2147483647;
			files = (
				367582B0268500CC00752209 /* TableViewController.swift in Sources */,
				367295A026CACCCC00C32D2C /* Account+CoreDataProperties.swift in Sources */,
				3672959F26CACCCC00C32D2C /* Account+CoreDataClass.swift in Sources */,
				367582B5268502D300752209 /* Card+CoreDataClass.swift in Sources */,
				367582AA2684FD1100752209 /* CoreDataStack.swift in Sources */,
				367582962684FCE300752209 /* ViewController.swift in Sources */,
				367582922684FCE300752209 /* AppDelegate.swift in Sources */,
				3675829C2684FCE300752209 /* CoreDataFRC.xcdatamodeld in Sources */,
				367582B6268502D300752209 /* Card+CoreDataProperties.swift in Sources */,
				367582AD2684FF9900752209 /* DIContainer.swift in Sources */,
				367582942684FCE300752209 /* SceneDelegate.swift in Sources */,
			);
			runOnlyForDeploymentPostprocessing = 0;
		};
/* End PBXSourcesBuildPhase section */

/* Begin PBXVariantGroup section */
		367582972684FCE300752209 /* Main.storyboard */ = {
			isa = PBXVariantGroup;
			children = (
				367582982684FCE300752209 /* Base */,
			);
			name = Main.storyboard;
			sourceTree = "<group>";
		};
		3675829F2684FCE500752209 /* LaunchScreen.storyboard */ = {
			isa = PBXVariantGroup;
			children = (
				367582A02684FCE500752209 /* Base */,
			);
			name = LaunchScreen.storyboard;
			sourceTree = "<group>";
		};
/* End PBXVariantGroup section */

/* Begin XCBuildConfiguration section */
		367582A32684FCE500752209 /* Debug */ = {
			isa = XCBuildConfiguration;
			buildSettings = {
				ALWAYS_SEARCH_USER_PATHS = NO;
				CLANG_ANALYZER_NONNULL = YES;
				CLANG_ANALYZER_NUMBER_OBJECT_CONVERSION = YES_AGGRESSIVE;
				CLANG_CXX_LANGUAGE_STANDARD = "gnu++14";
				CLANG_CXX_LIBRARY = "libc++";
				CLANG_ENABLE_MODULES = YES;
				CLANG_ENABLE_OBJC_ARC = YES;
				CLANG_ENABLE_OBJC_WEAK = YES;
				CLANG_WARN_BLOCK_CAPTURE_AUTORELEASING = YES;
				CLANG_WARN_BOOL_CONVERSION = YES;
				CLANG_WARN_COMMA = YES;
				CLANG_WARN_CONSTANT_CONVERSION = YES;
				CLANG_WARN_DEPRECATED_OBJC_IMPLEMENTATIONS = YES;
				CLANG_WARN_DIRECT_OBJC_ISA_USAGE = YES_ERROR;
				CLANG_WARN_DOCUMENTATION_COMMENTS = YES;
				CLANG_WARN_EMPTY_BODY = YES;
				CLANG_WARN_ENUM_CONVERSION = YES;
				CLANG_WARN_INFINITE_RECURSION = YES;
				CLANG_WARN_INT_CONVERSION = YES;
				CLANG_WARN_NON_LITERAL_NULL_CONVERSION = YES;
				CLANG_WARN_OBJC_IMPLICIT_RETAIN_SELF = YES;
				CLANG_WARN_OBJC_LITERAL_CONVERSION = YES;
				CLANG_WARN_OBJC_ROOT_CLASS = YES_ERROR;
				CLANG_WARN_QUOTED_INCLUDE_IN_FRAMEWORK_HEADER = YES;
				CLANG_WARN_RANGE_LOOP_ANALYSIS = YES;
				CLANG_WARN_STRICT_PROTOTYPES = YES;
				CLANG_WARN_SUSPICIOUS_MOVE = YES;
				CLANG_WARN_UNGUARDED_AVAILABILITY = YES_AGGRESSIVE;
				CLANG_WARN_UNREACHABLE_CODE = YES;
				CLANG_WARN__DUPLICATE_METHOD_MATCH = YES;
				COPY_PHASE_STRIP = NO;
				DEBUG_INFORMATION_FORMAT = dwarf;
				ENABLE_STRICT_OBJC_MSGSEND = YES;
				ENABLE_TESTABILITY = YES;
				GCC_C_LANGUAGE_STANDARD = gnu11;
				GCC_DYNAMIC_NO_PIC = NO;
				GCC_NO_COMMON_BLOCKS = YES;
				GCC_OPTIMIZATION_LEVEL = 0;
				GCC_PREPROCESSOR_DEFINITIONS = (
					"DEBUG=1",
					"$(inherited)",
				);
				GCC_WARN_64_TO_32_BIT_CONVERSION = YES;
				GCC_WARN_ABOUT_RETURN_TYPE = YES_ERROR;
				GCC_WARN_UNDECLARED_SELECTOR = YES;
				GCC_WARN_UNINITIALIZED_AUTOS = YES_AGGRESSIVE;
				GCC_WARN_UNUSED_FUNCTION = YES;
				GCC_WARN_UNUSED_VARIABLE = YES;
				IPHONEOS_DEPLOYMENT_TARGET = 14.4;
				MTL_ENABLE_DEBUG_INFO = INCLUDE_SOURCE;
				MTL_FAST_MATH = YES;
				ONLY_ACTIVE_ARCH = YES;
				SDKROOT = iphoneos;
				SWIFT_ACTIVE_COMPILATION_CONDITIONS = DEBUG;
				SWIFT_OPTIMIZATION_LEVEL = "-Onone";
			};
			name = Debug;
		};
		367582A42684FCE500752209 /* Release */ = {
			isa = XCBuildConfiguration;
			buildSettings = {
				ALWAYS_SEARCH_USER_PATHS = NO;
				CLANG_ANALYZER_NONNULL = YES;
				CLANG_ANALYZER_NUMBER_OBJECT_CONVERSION = YES_AGGRESSIVE;
				CLANG_CXX_LANGUAGE_STANDARD = "gnu++14";
				CLANG_CXX_LIBRARY = "libc++";
				CLANG_ENABLE_MODULES = YES;
				CLANG_ENABLE_OBJC_ARC = YES;
				CLANG_ENABLE_OBJC_WEAK = YES;
				CLANG_WARN_BLOCK_CAPTURE_AUTORELEASING = YES;
				CLANG_WARN_BOOL_CONVERSION = YES;
				CLANG_WARN_COMMA = YES;
				CLANG_WARN_CONSTANT_CONVERSION = YES;
				CLANG_WARN_DEPRECATED_OBJC_IMPLEMENTATIONS = YES;
				CLANG_WARN_DIRECT_OBJC_ISA_USAGE = YES_ERROR;
				CLANG_WARN_DOCUMENTATION_COMMENTS = YES;
				CLANG_WARN_EMPTY_BODY = YES;
				CLANG_WARN_ENUM_CONVERSION = YES;
				CLANG_WARN_INFINITE_RECURSION = YES;
				CLANG_WARN_INT_CONVERSION = YES;
				CLANG_WARN_NON_LITERAL_NULL_CONVERSION = YES;
				CLANG_WARN_OBJC_IMPLICIT_RETAIN_SELF = YES;
				CLANG_WARN_OBJC_LITERAL_CONVERSION = YES;
				CLANG_WARN_OBJC_ROOT_CLASS = YES_ERROR;
				CLANG_WARN_QUOTED_INCLUDE_IN_FRAMEWORK_HEADER = YES;
				CLANG_WARN_RANGE_LOOP_ANALYSIS = YES;
				CLANG_WARN_STRICT_PROTOTYPES = YES;
				CLANG_WARN_SUSPICIOUS_MOVE = YES;
				CLANG_WARN_UNGUARDED_AVAILABILITY = YES_AGGRESSIVE;
				CLANG_WARN_UNREACHABLE_CODE = YES;
				CLANG_WARN__DUPLICATE_METHOD_MATCH = YES;
				COPY_PHASE_STRIP = NO;
				DEBUG_INFORMATION_FORMAT = "dwarf-with-dsym";
				ENABLE_NS_ASSERTIONS = NO;
				ENABLE_STRICT_OBJC_MSGSEND = YES;
				GCC_C_LANGUAGE_STANDARD = gnu11;
				GCC_NO_COMMON_BLOCKS = YES;
				GCC_WARN_64_TO_32_BIT_CONVERSION = YES;
				GCC_WARN_ABOUT_RETURN_TYPE = YES_ERROR;
				GCC_WARN_UNDECLARED_SELECTOR = YES;
				GCC_WARN_UNINITIALIZED_AUTOS = YES_AGGRESSIVE;
				GCC_WARN_UNUSED_FUNCTION = YES;
				GCC_WARN_UNUSED_VARIABLE = YES;
				IPHONEOS_DEPLOYMENT_TARGET = 14.4;
				MTL_ENABLE_DEBUG_INFO = NO;
				MTL_FAST_MATH = YES;
				SDKROOT = iphoneos;
				SWIFT_COMPILATION_MODE = wholemodule;
				SWIFT_OPTIMIZATION_LEVEL = "-O";
				VALIDATE_PRODUCT = YES;
			};
			name = Release;
		};
		367582A62684FCE500752209 /* Debug */ = {
			isa = XCBuildConfiguration;
			buildSettings = {
				ASSETCATALOG_COMPILER_APPICON_NAME = AppIcon;
				ASSETCATALOG_COMPILER_GLOBAL_ACCENT_COLOR_NAME = AccentColor;
				CODE_SIGN_STYLE = Automatic;
				DEVELOPMENT_TEAM = 7TA2J96WKV;
				INFOPLIST_FILE = CoreDataFRC/Info.plist;
				LD_RUNPATH_SEARCH_PATHS = (
					"$(inherited)",
					"@executable_path/Frameworks",
				);
				PRODUCT_BUNDLE_IDENTIFIER = dkaplan.CoreDataFRC;
				PRODUCT_NAME = "$(TARGET_NAME)";
				SWIFT_VERSION = 5.0;
				TARGETED_DEVICE_FAMILY = "1,2";
			};
			name = Debug;
		};
		367582A72684FCE500752209 /* Release */ = {
			isa = XCBuildConfiguration;
			buildSettings = {
				ASSETCATALOG_COMPILER_APPICON_NAME = AppIcon;
				ASSETCATALOG_COMPILER_GLOBAL_ACCENT_COLOR_NAME = AccentColor;
				CODE_SIGN_STYLE = Automatic;
				DEVELOPMENT_TEAM = 7TA2J96WKV;
				INFOPLIST_FILE = CoreDataFRC/Info.plist;
				LD_RUNPATH_SEARCH_PATHS = (
					"$(inherited)",
					"@executable_path/Frameworks",
				);
				PRODUCT_BUNDLE_IDENTIFIER = dkaplan.CoreDataFRC;
				PRODUCT_NAME = "$(TARGET_NAME)";
				SWIFT_VERSION = 5.0;
				TARGETED_DEVICE_FAMILY = "1,2";
			};
			name = Release;
		};
/* End XCBuildConfiguration section */

/* Begin XCConfigurationList section */
		367582892684FCE300752209 /* Build configuration list for PBXProject "CoreDataFRC" */ = {
			isa = XCConfigurationList;
			buildConfigurations = (
				367582A32684FCE500752209 /* Debug */,
				367582A42684FCE500752209 /* Release */,
			);
			defaultConfigurationIsVisible = 0;
			defaultConfigurationName = Release;
		};
		367582A52684FCE500752209 /* Build configuration list for PBXNativeTarget "CoreDataFRC" */ = {
			isa = XCConfigurationList;
			buildConfigurations = (
				367582A62684FCE500752209 /* Debug */,
				367582A72684FCE500752209 /* Release */,
			);
			defaultConfigurationIsVisible = 0;
			defaultConfigurationName = Release;
		};
/* End XCConfigurationList section */

/* Begin XCVersionGroup section */
		3675829A2684FCE300752209 /* CoreDataFRC.xcdatamodeld */ = {
			isa = XCVersionGroup;
			children = (
				3675829B2684FCE300752209 /* CoreDataFRC.xcdatamodel */,
			);
			currentVersion = 3675829B2684FCE300752209 /* CoreDataFRC.xcdatamodel */;
			path = CoreDataFRC.xcdatamodeld;
			sourceTree = "<group>";
			versionGroupType = wrapper.xcdatamodel;
		};
/* End XCVersionGroup section */
	};
	rootObject = 367582862684FCE300752209 /* Project object */;
}
