// !$*UTF8*$!
{
	archiveVersion = 1;
	classes = {
	};
	objectVersion = 50;
	objects = {

/* Begin PBXBuildFile section */
		DDAB91CC26A0BD17003E8B1A /* AppDelegate.swift in Sources */ = {isa = PBXBuildFile; fileRef = DDAB91CB26A0BD17003E8B1A /* AppDelegate.swift */; };
		DDAB91CE26A0BD17003E8B1A /* SceneDelegate.swift in Sources */ = {isa = PBXBuildFile; fileRef = DDAB91CD26A0BD17003E8B1A /* SceneDelegate.swift */; };
		DDAB91D026A0BD17003E8B1A /* AnimationsViewController.swift in Sources */ = {isa = PBXBuildFile; fileRef = DDAB91CF26A0BD17003E8B1A /* AnimationsViewController.swift */; };
		DDAB91D526A0BD19003E8B1A /* Assets.xcassets in Resources */ = {isa = PBXBuildFile; fileRef = DDAB91D426A0BD19003E8B1A /* Assets.xcassets */; };
		DDAB91D826A0BD19003E8B1A /* LaunchScreen.storyboard in Resources */ = {isa = PBXBuildFile; fileRef = DDAB91D626A0BD19003E8B1A /* LaunchScreen.storyboard */; };
		DDAB91E226A0BE27003E8B1A /* AnimationsView.swift in Sources */ = {isa = PBXBuildFile; fileRef = DDAB91E126A0BE27003E8B1A /* AnimationsView.swift */; };
		DDAB91E626A0D4C8003E8B1A /* Character.swift in Sources */ = {isa = PBXBuildFile; fileRef = DDAB91E526A0D4C8003E8B1A /* Character.swift */; };
		DDAB923726A715A7003E8B1A /* GameManager.swift in Sources */ = {isa = PBXBuildFile; fileRef = DDAB923626A715A7003E8B1A /* GameManager.swift */; };
		DDAB923A26A89E56003E8B1A /* FeedBall.swift in Sources */ = {isa = PBXBuildFile; fileRef = DDAB923926A89E56003E8B1A /* FeedBall.swift */; };
		DDAB923D26A89F97003E8B1A /* Animations.swift in Sources */ = {isa = PBXBuildFile; fileRef = DDAB923C26A89F97003E8B1A /* Animations.swift */; };
/* End PBXBuildFile section */

/* Begin PBXFileReference section */
		DDAB91C826A0BD17003E8B1A /* Animations.app */ = {isa = PBXFileReference; explicitFileType = wrapper.application; includeInIndex = 0; path = Animations.app; sourceTree = BUILT_PRODUCTS_DIR; };
		DDAB91CB26A0BD17003E8B1A /* AppDelegate.swift */ = {isa = PBXFileReference; lastKnownFileType = sourcecode.swift; path = AppDelegate.swift; sourceTree = "<group>"; };
		DDAB91CD26A0BD17003E8B1A /* SceneDelegate.swift */ = {isa = PBXFileReference; lastKnownFileType = sourcecode.swift; path = SceneDelegate.swift; sourceTree = "<group>"; };
		DDAB91CF26A0BD17003E8B1A /* AnimationsViewController.swift */ = {isa = PBXFileReference; lastKnownFileType = sourcecode.swift; path = AnimationsViewController.swift; sourceTree = "<group>"; };
		DDAB91D426A0BD19003E8B1A /* Assets.xcassets */ = {isa = PBXFileReference; lastKnownFileType = folder.assetcatalog; path = Assets.xcassets; sourceTree = "<group>"; };
		DDAB91D726A0BD19003E8B1A /* Base */ = {isa = PBXFileReference; lastKnownFileType = file.storyboard; name = Base; path = Base.lproj/LaunchScreen.storyboard; sourceTree = "<group>"; };
		DDAB91D926A0BD19003E8B1A /* Info.plist */ = {isa = PBXFileReference; lastKnownFileType = text.plist.xml; path = Info.plist; sourceTree = "<group>"; };
		DDAB91E126A0BE27003E8B1A /* AnimationsView.swift */ = {isa = PBXFileReference; lastKnownFileType = sourcecode.swift; path = AnimationsView.swift; sourceTree = "<group>"; };
		DDAB91E526A0D4C8003E8B1A /* Character.swift */ = {isa = PBXFileReference; lastKnownFileType = sourcecode.swift; path = Character.swift; sourceTree = "<group>"; };
		DDAB923626A715A7003E8B1A /* GameManager.swift */ = {isa = PBXFileReference; lastKnownFileType = sourcecode.swift; path = GameManager.swift; sourceTree = "<group>"; };
		DDAB923926A89E56003E8B1A /* FeedBall.swift */ = {isa = PBXFileReference; lastKnownFileType = sourcecode.swift; path = FeedBall.swift; sourceTree = "<group>"; };
		DDAB923C26A89F97003E8B1A /* Animations.swift */ = {isa = PBXFileReference; lastKnownFileType = sourcecode.swift; path = Animations.swift; sourceTree = "<group>"; };
/* End PBXFileReference section */

/* Begin PBXFrameworksBuildPhase section */
		DDAB91C526A0BD17003E8B1A /* Frameworks */ = {
			isa = PBXFrameworksBuildPhase;
			buildActionMask = 2147483647;
			files = (
			);
			runOnlyForDeploymentPostprocessing = 0;
		};
/* End PBXFrameworksBuildPhase section */

/* Begin PBXGroup section */
		DDAB91BF26A0BD17003E8B1A = {
			isa = PBXGroup;
			children = (
				DDAB91CA26A0BD17003E8B1A /* Animations */,
				DDAB91C926A0BD17003E8B1A /* Products */,
			);
			sourceTree = "<group>";
		};
		DDAB91C926A0BD17003E8B1A /* Products */ = {
			isa = PBXGroup;
			children = (
				DDAB91C826A0BD17003E8B1A /* Animations.app */,
			);
			name = Products;
			sourceTree = "<group>";
		};
		DDAB91CA26A0BD17003E8B1A /* Animations */ = {
			isa = PBXGroup;
			children = (
				DDAB91CB26A0BD17003E8B1A /* AppDelegate.swift */,
				DDAB91CD26A0BD17003E8B1A /* SceneDelegate.swift */,
				DDAB923526A71587003E8B1A /* Model */,
				DDAB91E026A0BE09003E8B1A /* View */,
				DDAB91DF26A0BDFD003E8B1A /* Controller */,
				DDAB91D426A0BD19003E8B1A /* Assets.xcassets */,
				DDAB923B26A89F76003E8B1A /* Support */,
				DDAB91D626A0BD19003E8B1A /* LaunchScreen.storyboard */,
				DDAB91D926A0BD19003E8B1A /* Info.plist */,
			);
			path = Animations;
			sourceTree = "<group>";
		};
		DDAB91DF26A0BDFD003E8B1A /* Controller */ = {
			isa = PBXGroup;
			children = (
				DDAB91CF26A0BD17003E8B1A /* AnimationsViewController.swift */,
			);
			path = Controller;
			sourceTree = "<group>";
		};
		DDAB91E026A0BE09003E8B1A /* View */ = {
			isa = PBXGroup;
			children = (
				DDAB91E126A0BE27003E8B1A /* AnimationsView.swift */,
				DDAB923826A71D64003E8B1A /* Game entities */,
			);
			path = View;
			sourceTree = "<group>";
		};
		DDAB923526A71587003E8B1A /* Model */ = {
			isa = PBXGroup;
			children = (
				DDAB923626A715A7003E8B1A /* GameManager.swift */,
			);
			path = Model;
			sourceTree = "<group>";
		};
		DDAB923826A71D64003E8B1A /* Game entities */ = {
			isa = PBXGroup;
			children = (
				DDAB91E526A0D4C8003E8B1A /* Character.swift */,
				DDAB923926A89E56003E8B1A /* FeedBall.swift */,
			);
			path = "Game entities";
			sourceTree = "<group>";
		};
		DDAB923B26A89F76003E8B1A /* Support */ = {
			isa = PBXGroup;
			children = (
				DDAB923C26A89F97003E8B1A /* Animations.swift */,
			);
			path = Support;
			sourceTree = "<group>";
		};
/* End PBXGroup section */

/* Begin PBXNativeTarget section */
		DDAB91C726A0BD17003E8B1A /* Animations */ = {
			isa = PBXNativeTarget;
			buildConfigurationList = DDAB91DC26A0BD19003E8B1A /* Build configuration list for PBXNativeTarget "Animations" */;
			buildPhases = (
				DDAB91C426A0BD17003E8B1A /* Sources */,
				DDAB91C526A0BD17003E8B1A /* Frameworks */,
				DDAB91C626A0BD17003E8B1A /* Resources */,
			);
			buildRules = (
			);
			dependencies = (
			);
			name = Animations;
			productName = Animations;
			productReference = DDAB91C826A0BD17003E8B1A /* Animations.app */;
			productType = "com.apple.product-type.application";
		};
/* End PBXNativeTarget section */

/* Begin PBXProject section */
		DDAB91C026A0BD17003E8B1A /* Project object */ = {
			isa = PBXProject;
			attributes = {
				LastSwiftUpdateCheck = 1250;
				LastUpgradeCheck = 1250;
				TargetAttributes = {
					DDAB91C726A0BD17003E8B1A = {
						CreatedOnToolsVersion = 12.5;
					};
				};
			};
			buildConfigurationList = DDAB91C326A0BD17003E8B1A /* Build configuration list for PBXProject "Animations" */;
			compatibilityVersion = "Xcode 9.3";
			developmentRegion = en;
			hasScannedForEncodings = 0;
			knownRegions = (
				en,
				Base,
			);
			mainGroup = DDAB91BF26A0BD17003E8B1A;
			productRefGroup = DDAB91C926A0BD17003E8B1A /* Products */;
			projectDirPath = "";
			projectRoot = "";
			targets = (
				DDAB91C726A0BD17003E8B1A /* Animations */,
			);
		};
/* End PBXProject section */

/* Begin PBXResourcesBuildPhase section */
		DDAB91C626A0BD17003E8B1A /* Resources */ = {
			isa = PBXResourcesBuildPhase;
			buildActionMask = 2147483647;
			files = (
				DDAB91D826A0BD19003E8B1A /* LaunchScreen.storyboard in Resources */,
				DDAB91D526A0BD19003E8B1A /* Assets.xcassets in Resources */,
			);
			runOnlyForDeploymentPostprocessing = 0;
		};
/* End PBXResourcesBuildPhase section */

/* Begin PBXSourcesBuildPhase section */
		DDAB91C426A0BD17003E8B1A /* Sources */ = {
			isa = PBXSourcesBuildPhase;
			buildActionMask = 2147483647;
			files = (
				DDAB923726A715A7003E8B1A /* GameManager.swift in Sources */,
				DDAB923A26A89E56003E8B1A /* FeedBall.swift in Sources */,
				DDAB91D026A0BD17003E8B1A /* AnimationsViewController.swift in Sources */,
				DDAB91E226A0BE27003E8B1A /* AnimationsView.swift in Sources */,
				DDAB91E626A0D4C8003E8B1A /* Character.swift in Sources */,
				DDAB91CC26A0BD17003E8B1A /* AppDelegate.swift in Sources */,
				DDAB923D26A89F97003E8B1A /* Animations.swift in Sources */,
				DDAB91CE26A0BD17003E8B1A /* SceneDelegate.swift in Sources */,
			);
			runOnlyForDeploymentPostprocessing = 0;
		};
/* End PBXSourcesBuildPhase section */

/* Begin PBXVariantGroup section */
		DDAB91D626A0BD19003E8B1A /* LaunchScreen.storyboard */ = {
			isa = PBXVariantGroup;
			children = (
				DDAB91D726A0BD19003E8B1A /* Base */,
			);
			name = LaunchScreen.storyboard;
			sourceTree = "<group>";
		};
/* End PBXVariantGroup section */

/* Begin XCBuildConfiguration section */
		DDAB91DA26A0BD19003E8B1A /* Debug */ = {
			isa = XCBuildConfiguration;
			buildSettings = {
				ALWAYS_SEARCH_USER_PATHS = NO;
				CLANG_ANALYZER_NONNULL = YES;
				CLANG_ANALYZER_NUMBER_OBJECT_CONVERSION = YES_AGGRESSIVE;
				CLANG_CXX_LANGUAGE_STANDARD = "gnu++14";
				CLANG_CXX_LIBRARY = "libc++";
				CLANG_ENABLE_MODULES = YES;
				CLANG_ENABLE_OBJC_ARC = YES;
				CLANG_ENABLE_OBJC_WEAK = YES;
				CLANG_WARN_BLOCK_CAPTURE_AUTORELEASING = YES;
				CLANG_WARN_BOOL_CONVERSION = YES;
				CLANG_WARN_COMMA = YES;
				CLANG_WARN_CONSTANT_CONVERSION = YES;
				CLANG_WARN_DEPRECATED_OBJC_IMPLEMENTATIONS = YES;
				CLANG_WARN_DIRECT_OBJC_ISA_USAGE = YES_ERROR;
				CLANG_WARN_DOCUMENTATION_COMMENTS = YES;
				CLANG_WARN_EMPTY_BODY = YES;
				CLANG_WARN_ENUM_CONVERSION = YES;
				CLANG_WARN_INFINITE_RECURSION = YES;
				CLANG_WARN_INT_CONVERSION = YES;
				CLANG_WARN_NON_LITERAL_NULL_CONVERSION = YES;
				CLANG_WARN_OBJC_IMPLICIT_RETAIN_SELF = YES;
				CLANG_WARN_OBJC_LITERAL_CONVERSION = YES;
				CLANG_WARN_OBJC_ROOT_CLASS = YES_ERROR;
				CLANG_WARN_QUOTED_INCLUDE_IN_FRAMEWORK_HEADER = YES;
				CLANG_WARN_RANGE_LOOP_ANALYSIS = YES;
				CLANG_WARN_STRICT_PROTOTYPES = YES;
				CLANG_WARN_SUSPICIOUS_MOVE = YES;
				CLANG_WARN_UNGUARDED_AVAILABILITY = YES_AGGRESSIVE;
				CLANG_WARN_UNREACHABLE_CODE = YES;
				CLANG_WARN__DUPLICATE_METHOD_MATCH = YES;
				COPY_PHASE_STRIP = NO;
				DEBUG_INFORMATION_FORMAT = dwarf;
				ENABLE_STRICT_OBJC_MSGSEND = YES;
				ENABLE_TESTABILITY = YES;
				GCC_C_LANGUAGE_STANDARD = gnu11;
				GCC_DYNAMIC_NO_PIC = NO;
				GCC_NO_COMMON_BLOCKS = YES;
				GCC_OPTIMIZATION_LEVEL = 0;
				GCC_PREPROCESSOR_DEFINITIONS = (
					"DEBUG=1",
					"$(inherited)",
				);
				GCC_WARN_64_TO_32_BIT_CONVERSION = YES;
				GCC_WARN_ABOUT_RETURN_TYPE = YES_ERROR;
				GCC_WARN_UNDECLARED_SELECTOR = YES;
				GCC_WARN_UNINITIALIZED_AUTOS = YES_AGGRESSIVE;
				GCC_WARN_UNUSED_FUNCTION = YES;
				GCC_WARN_UNUSED_VARIABLE = YES;
				IPHONEOS_DEPLOYMENT_TARGET = 14.5;
				MTL_ENABLE_DEBUG_INFO = INCLUDE_SOURCE;
				MTL_FAST_MATH = YES;
				ONLY_ACTIVE_ARCH = YES;
				SDKROOT = iphoneos;
				SWIFT_ACTIVE_COMPILATION_CONDITIONS = DEBUG;
				SWIFT_OPTIMIZATION_LEVEL = "-Onone";
			};
			name = Debug;
		};
		DDAB91DB26A0BD19003E8B1A /* Release */ = {
			isa = XCBuildConfiguration;
			buildSettings = {
				ALWAYS_SEARCH_USER_PATHS = NO;
				CLANG_ANALYZER_NONNULL = YES;
				CLANG_ANALYZER_NUMBER_OBJECT_CONVERSION = YES_AGGRESSIVE;
				CLANG_CXX_LANGUAGE_STANDARD = "gnu++14";
				CLANG_CXX_LIBRARY = "libc++";
				CLANG_ENABLE_MODULES = YES;
				CLANG_ENABLE_OBJC_ARC = YES;
				CLANG_ENABLE_OBJC_WEAK = YES;
				CLANG_WARN_BLOCK_CAPTURE_AUTORELEASING = YES;
				CLANG_WARN_BOOL_CONVERSION = YES;
				CLANG_WARN_COMMA = YES;
				CLANG_WARN_CONSTANT_CONVERSION = YES;
				CLANG_WARN_DEPRECATED_OBJC_IMPLEMENTATIONS = YES;
				CLANG_WARN_DIRECT_OBJC_ISA_USAGE = YES_ERROR;
				CLANG_WARN_DOCUMENTATION_COMMENTS = YES;
				CLANG_WARN_EMPTY_BODY = YES;
				CLANG_WARN_ENUM_CONVERSION = YES;
				CLANG_WARN_INFINITE_RECURSION = YES;
				CLANG_WARN_INT_CONVERSION = YES;
				CLANG_WARN_NON_LITERAL_NULL_CONVERSION = YES;
				CLANG_WARN_OBJC_IMPLICIT_RETAIN_SELF = YES;
				CLANG_WARN_OBJC_LITERAL_CONVERSION = YES;
				CLANG_WARN_OBJC_ROOT_CLASS = YES_ERROR;
				CLANG_WARN_QUOTED_INCLUDE_IN_FRAMEWORK_HEADER = YES;
				CLANG_WARN_RANGE_LOOP_ANALYSIS = YES;
				CLANG_WARN_STRICT_PROTOTYPES = YES;
				CLANG_WARN_SUSPICIOUS_MOVE = YES;
				CLANG_WARN_UNGUARDED_AVAILABILITY = YES_AGGRESSIVE;
				CLANG_WARN_UNREACHABLE_CODE = YES;
				CLANG_WARN__DUPLICATE_METHOD_MATCH = YES;
				COPY_PHASE_STRIP = NO;
				DEBUG_INFORMATION_FORMAT = "dwarf-with-dsym";
				ENABLE_NS_ASSERTIONS = NO;
				ENABLE_STRICT_OBJC_MSGSEND = YES;
				GCC_C_LANGUAGE_STANDARD = gnu11;
				GCC_NO_COMMON_BLOCKS = YES;
				GCC_WARN_64_TO_32_BIT_CONVERSION = YES;
				GCC_WARN_ABOUT_RETURN_TYPE = YES_ERROR;
				GCC_WARN_UNDECLARED_SELECTOR = YES;
				GCC_WARN_UNINITIALIZED_AUTOS = YES_AGGRESSIVE;
				GCC_WARN_UNUSED_FUNCTION = YES;
				GCC_WARN_UNUSED_VARIABLE = YES;
				IPHONEOS_DEPLOYMENT_TARGET = 14.5;
				MTL_ENABLE_DEBUG_INFO = NO;
				MTL_FAST_MATH = YES;
				SDKROOT = iphoneos;
				SWIFT_COMPILATION_MODE = wholemodule;
				SWIFT_OPTIMIZATION_LEVEL = "-O";
				VALIDATE_PRODUCT = YES;
			};
			name = Release;
		};
		DDAB91DD26A0BD19003E8B1A /* Debug */ = {
			isa = XCBuildConfiguration;
			buildSettings = {
				ASSETCATALOG_COMPILER_APPICON_NAME = AppIcon;
				ASSETCATALOG_COMPILER_GLOBAL_ACCENT_COLOR_NAME = AccentColor;
				CODE_SIGN_STYLE = Automatic;
				INFOPLIST_FILE = Animations/Info.plist;
				LD_RUNPATH_SEARCH_PATHS = (
					"$(inherited)",
					"@executable_path/Frameworks",
				);
				PRODUCT_BUNDLE_IDENTIFIER = Alexanderrub.Animations;
				PRODUCT_NAME = "$(TARGET_NAME)";
				SWIFT_VERSION = 5.0;
				TARGETED_DEVICE_FAMILY = "1,2";
			};
			name = Debug;
		};
		DDAB91DE26A0BD19003E8B1A /* Release */ = {
			isa = XCBuildConfiguration;
			buildSettings = {
				ASSETCATALOG_COMPILER_APPICON_NAME = AppIcon;
				ASSETCATALOG_COMPILER_GLOBAL_ACCENT_COLOR_NAME = AccentColor;
				CODE_SIGN_STYLE = Automatic;
				INFOPLIST_FILE = Animations/Info.plist;
				LD_RUNPATH_SEARCH_PATHS = (
					"$(inherited)",
					"@executable_path/Frameworks",
				);
				PRODUCT_BUNDLE_IDENTIFIER = Alexanderrub.Animations;
				PRODUCT_NAME = "$(TARGET_NAME)";
				SWIFT_VERSION = 5.0;
				TARGETED_DEVICE_FAMILY = "1,2";
			};
			name = Release;
		};
/* End XCBuildConfiguration section */

/* Begin XCConfigurationList section */
		DDAB91C326A0BD17003E8B1A /* Build configuration list for PBXProject "Animations" */ = {
			isa = XCConfigurationList;
			buildConfigurations = (
				DDAB91DA26A0BD19003E8B1A /* Debug */,
				DDAB91DB26A0BD19003E8B1A /* Release */,
			);
			defaultConfigurationIsVisible = 0;
			defaultConfigurationName = Release;
		};
		DDAB91DC26A0BD19003E8B1A /* Build configuration list for PBXNativeTarget "Animations" */ = {
			isa = XCConfigurationList;
			buildConfigurations = (
				DDAB91DD26A0BD19003E8B1A /* Debug */,
				DDAB91DE26A0BD19003E8B1A /* Release */,
			);
			defaultConfigurationIsVisible = 0;
			defaultConfigurationName = Release;
		};
/* End XCConfigurationList section */
	};
	rootObject = DDAB91C026A0BD17003E8B1A /* Project object */;
}
