// !$*UTF8*$!
{
	archiveVersion = 1;
	classes = {
	};
	objectVersion = 50;
	objects = {

/* Begin PBXBuildFile section */
		DDAB90E72694E9CD003E8B1A /* AppDelegate.swift in Sources */ = {isa = PBXBuildFile; fileRef = DDAB90E62694E9CD003E8B1A /* AppDelegate.swift */; };
		DDAB90E92694E9CD003E8B1A /* SceneDelegate.swift in Sources */ = {isa = PBXBuildFile; fileRef = DDAB90E82694E9CD003E8B1A /* SceneDelegate.swift */; };
		DDAB90EB2694E9CD003E8B1A /* NotificationSenderView.swift in Sources */ = {isa = PBXBuildFile; fileRef = DDAB90EA2694E9CD003E8B1A /* NotificationSenderView.swift */; };
		DDAB90EE2694E9CD003E8B1A /* Main.storyboard in Resources */ = {isa = PBXBuildFile; fileRef = DDAB90EC2694E9CD003E8B1A /* Main.storyboard */; };
		DDAB90F02694E9CE003E8B1A /* Assets.xcassets in Resources */ = {isa = PBXBuildFile; fileRef = DDAB90EF2694E9CE003E8B1A /* Assets.xcassets */; };
		DDAB90F32694E9CE003E8B1A /* LaunchScreen.storyboard in Resources */ = {isa = PBXBuildFile; fileRef = DDAB90F12694E9CE003E8B1A /* LaunchScreen.storyboard */; };
		DDAB90FF2694F2CC003E8B1A /* NotificationSenderMediator.swift in Sources */ = {isa = PBXBuildFile; fileRef = DDAB90FE2694F2CC003E8B1A /* NotificationSenderMediator.swift */; };
		DDAB9123269768BC003E8B1A /* SubscribableUnit.swift in Sources */ = {isa = PBXBuildFile; fileRef = DDAB9122269768BC003E8B1A /* SubscribableUnit.swift */; };
		DDAB912526976DDA003E8B1A /* SubscribableButton.swift in Sources */ = {isa = PBXBuildFile; fileRef = DDAB912426976DDA003E8B1A /* SubscribableButton.swift */; };
		DDAB9127269782F2003E8B1A /* MementoButton.swift in Sources */ = {isa = PBXBuildFile; fileRef = DDAB9126269782F2003E8B1A /* MementoButton.swift */; };
		DDAB912A269784F0003E8B1A /* UndoMementoStack.swift in Sources */ = {isa = PBXBuildFile; fileRef = DDAB9129269784F0003E8B1A /* UndoMementoStack.swift */; };
/* End PBXBuildFile section */

/* Begin PBXFileReference section */
		DDAB90E32694E9CD003E8B1A /* FourDesignPatterns.app */ = {isa = PBXFileReference; explicitFileType = wrapper.application; includeInIndex = 0; path = FourDesignPatterns.app; sourceTree = BUILT_PRODUCTS_DIR; };
		DDAB90E62694E9CD003E8B1A /* AppDelegate.swift */ = {isa = PBXFileReference; lastKnownFileType = sourcecode.swift; path = AppDelegate.swift; sourceTree = "<group>"; };
		DDAB90E82694E9CD003E8B1A /* SceneDelegate.swift */ = {isa = PBXFileReference; lastKnownFileType = sourcecode.swift; path = SceneDelegate.swift; sourceTree = "<group>"; };
		DDAB90EA2694E9CD003E8B1A /* NotificationSenderView.swift */ = {isa = PBXFileReference; lastKnownFileType = sourcecode.swift; path = NotificationSenderView.swift; sourceTree = "<group>"; };
		DDAB90ED2694E9CD003E8B1A /* Base */ = {isa = PBXFileReference; lastKnownFileType = file.storyboard; name = Base; path = Base.lproj/Main.storyboard; sourceTree = "<group>"; };
		DDAB90EF2694E9CE003E8B1A /* Assets.xcassets */ = {isa = PBXFileReference; lastKnownFileType = folder.assetcatalog; path = Assets.xcassets; sourceTree = "<group>"; };
		DDAB90F22694E9CE003E8B1A /* Base */ = {isa = PBXFileReference; lastKnownFileType = file.storyboard; name = Base; path = Base.lproj/LaunchScreen.storyboard; sourceTree = "<group>"; };
		DDAB90F42694E9CE003E8B1A /* Info.plist */ = {isa = PBXFileReference; lastKnownFileType = text.plist.xml; path = Info.plist; sourceTree = "<group>"; };
		DDAB90FE2694F2CC003E8B1A /* NotificationSenderMediator.swift */ = {isa = PBXFileReference; lastKnownFileType = sourcecode.swift; path = NotificationSenderMediator.swift; sourceTree = "<group>"; };
		DDAB9122269768BC003E8B1A /* SubscribableUnit.swift */ = {isa = PBXFileReference; lastKnownFileType = sourcecode.swift; path = SubscribableUnit.swift; sourceTree = "<group>"; };
		DDAB912426976DDA003E8B1A /* SubscribableButton.swift */ = {isa = PBXFileReference; lastKnownFileType = sourcecode.swift; path = SubscribableButton.swift; sourceTree = "<group>"; };
		DDAB9126269782F2003E8B1A /* MementoButton.swift */ = {isa = PBXFileReference; lastKnownFileType = sourcecode.swift; path = MementoButton.swift; sourceTree = "<group>"; };
		DDAB9129269784F0003E8B1A /* UndoMementoStack.swift */ = {isa = PBXFileReference; lastKnownFileType = sourcecode.swift; path = UndoMementoStack.swift; sourceTree = "<group>"; };
/* End PBXFileReference section */

/* Begin PBXFrameworksBuildPhase section */
		DDAB90E02694E9CD003E8B1A /* Frameworks */ = {
			isa = PBXFrameworksBuildPhase;
			buildActionMask = 2147483647;
			files = (
			);
			runOnlyForDeploymentPostprocessing = 0;
		};
/* End PBXFrameworksBuildPhase section */

/* Begin PBXGroup section */
		DDAB90DA2694E9CD003E8B1A = {
			isa = PBXGroup;
			children = (
				DDAB90E52694E9CD003E8B1A /* FourDesignPatterns */,
				DDAB90E42694E9CD003E8B1A /* Products */,
			);
			sourceTree = "<group>";
		};
		DDAB90E42694E9CD003E8B1A /* Products */ = {
			isa = PBXGroup;
			children = (
				DDAB90E32694E9CD003E8B1A /* FourDesignPatterns.app */,
			);
			name = Products;
			sourceTree = "<group>";
		};
		DDAB90E52694E9CD003E8B1A /* FourDesignPatterns */ = {
			isa = PBXGroup;
			children = (
				DDAB90E62694E9CD003E8B1A /* AppDelegate.swift */,
				DDAB90E82694E9CD003E8B1A /* SceneDelegate.swift */,
				DDAB912126976855003E8B1A /* SubscribableUnit */,
				DDAB91002694FA40003E8B1A /* Mediator+Singleton */,
				DDAB90FA2694EC74003E8B1A /* View */,
				DDAB90EC2694E9CD003E8B1A /* Main.storyboard */,
				DDAB90EF2694E9CE003E8B1A /* Assets.xcassets */,
				DDAB90F12694E9CE003E8B1A /* LaunchScreen.storyboard */,
				DDAB90F42694E9CE003E8B1A /* Info.plist */,
			);
			path = FourDesignPatterns;
			sourceTree = "<group>";
		};
		DDAB90FA2694EC74003E8B1A /* View */ = {
			isa = PBXGroup;
			children = (
				DDAB90EA2694E9CD003E8B1A /* NotificationSenderView.swift */,
			);
			path = View;
			sourceTree = "<group>";
		};
		DDAB91002694FA40003E8B1A /* Mediator+Singleton */ = {
			isa = PBXGroup;
			children = (
				DDAB90FE2694F2CC003E8B1A /* NotificationSenderMediator.swift */,
			);
			path = "Mediator+Singleton";
			sourceTree = "<group>";
		};
		DDAB912126976855003E8B1A /* SubscribableUnit */ = {
			isa = PBXGroup;
			children = (
				DDAB9122269768BC003E8B1A /* SubscribableUnit.swift */,
				DDAB9128269782FA003E8B1A /* Buttons */,
				DDAB9129269784F0003E8B1A /* UndoMementoStack.swift */,
			);
			path = SubscribableUnit;
			sourceTree = "<group>";
		};
		DDAB9128269782FA003E8B1A /* Buttons */ = {
			isa = PBXGroup;
			children = (
				DDAB912426976DDA003E8B1A /* SubscribableButton.swift */,
				DDAB9126269782F2003E8B1A /* MementoButton.swift */,
			);
			path = Buttons;
			sourceTree = "<group>";
		};
/* End PBXGroup section */

/* Begin PBXNativeTarget section */
		DDAB90E22694E9CD003E8B1A /* FourDesignPatterns */ = {
			isa = PBXNativeTarget;
			buildConfigurationList = DDAB90F72694E9CE003E8B1A /* Build configuration list for PBXNativeTarget "FourDesignPatterns" */;
			buildPhases = (
				DDAB90DF2694E9CD003E8B1A /* Sources */,
				DDAB90E02694E9CD003E8B1A /* Frameworks */,
				DDAB90E12694E9CD003E8B1A /* Resources */,
			);
			buildRules = (
			);
			dependencies = (
			);
			name = FourDesignPatterns;
			productName = FourDesignPatterns;
			productReference = DDAB90E32694E9CD003E8B1A /* FourDesignPatterns.app */;
			productType = "com.apple.product-type.application";
		};
/* End PBXNativeTarget section */

/* Begin PBXProject section */
		DDAB90DB2694E9CD003E8B1A /* Project object */ = {
			isa = PBXProject;
			attributes = {
				LastSwiftUpdateCheck = 1250;
				LastUpgradeCheck = 1250;
				TargetAttributes = {
					DDAB90E22694E9CD003E8B1A = {
						CreatedOnToolsVersion = 12.5;
					};
				};
			};
			buildConfigurationList = DDAB90DE2694E9CD003E8B1A /* Build configuration list for PBXProject "FourDesignPatterns" */;
			compatibilityVersion = "Xcode 9.3";
			developmentRegion = en;
			hasScannedForEncodings = 0;
			knownRegions = (
				en,
				Base,
			);
			mainGroup = DDAB90DA2694E9CD003E8B1A;
			productRefGroup = DDAB90E42694E9CD003E8B1A /* Products */;
			projectDirPath = "";
			projectRoot = "";
			targets = (
				DDAB90E22694E9CD003E8B1A /* FourDesignPatterns */,
			);
		};
/* End PBXProject section */

/* Begin PBXResourcesBuildPhase section */
		DDAB90E12694E9CD003E8B1A /* Resources */ = {
			isa = PBXResourcesBuildPhase;
			buildActionMask = 2147483647;
			files = (
				DDAB90F32694E9CE003E8B1A /* LaunchScreen.storyboard in Resources */,
				DDAB90F02694E9CE003E8B1A /* Assets.xcassets in Resources */,
				DDAB90EE2694E9CD003E8B1A /* Main.storyboard in Resources */,
			);
			runOnlyForDeploymentPostprocessing = 0;
		};
/* End PBXResourcesBuildPhase section */

/* Begin PBXSourcesBuildPhase section */
		DDAB90DF2694E9CD003E8B1A /* Sources */ = {
			isa = PBXSourcesBuildPhase;
			buildActionMask = 2147483647;
			files = (
				DDAB90FF2694F2CC003E8B1A /* NotificationSenderMediator.swift in Sources */,
				DDAB9127269782F2003E8B1A /* MementoButton.swift in Sources */,
				DDAB912A269784F0003E8B1A /* UndoMementoStack.swift in Sources */,
				DDAB9123269768BC003E8B1A /* SubscribableUnit.swift in Sources */,
				DDAB90EB2694E9CD003E8B1A /* NotificationSenderView.swift in Sources */,
				DDAB90E72694E9CD003E8B1A /* AppDelegate.swift in Sources */,
				DDAB912526976DDA003E8B1A /* SubscribableButton.swift in Sources */,
				DDAB90E92694E9CD003E8B1A /* SceneDelegate.swift in Sources */,
			);
			runOnlyForDeploymentPostprocessing = 0;
		};
/* End PBXSourcesBuildPhase section */

/* Begin PBXVariantGroup section */
		DDAB90EC2694E9CD003E8B1A /* Main.storyboard */ = {
			isa = PBXVariantGroup;
			children = (
				DDAB90ED2694E9CD003E8B1A /* Base */,
			);
			name = Main.storyboard;
			sourceTree = "<group>";
		};
		DDAB90F12694E9CE003E8B1A /* LaunchScreen.storyboard */ = {
			isa = PBXVariantGroup;
			children = (
				DDAB90F22694E9CE003E8B1A /* Base */,
			);
			name = LaunchScreen.storyboard;
			sourceTree = "<group>";
		};
/* End PBXVariantGroup section */

/* Begin XCBuildConfiguration section */
		DDAB90F52694E9CE003E8B1A /* Debug */ = {
			isa = XCBuildConfiguration;
			buildSettings = {
				ALWAYS_SEARCH_USER_PATHS = NO;
				CLANG_ANALYZER_NONNULL = YES;
				CLANG_ANALYZER_NUMBER_OBJECT_CONVERSION = YES_AGGRESSIVE;
				CLANG_CXX_LANGUAGE_STANDARD = "gnu++14";
				CLANG_CXX_LIBRARY = "libc++";
				CLANG_ENABLE_MODULES = YES;
				CLANG_ENABLE_OBJC_ARC = YES;
				CLANG_ENABLE_OBJC_WEAK = YES;
				CLANG_WARN_BLOCK_CAPTURE_AUTORELEASING = YES;
				CLANG_WARN_BOOL_CONVERSION = YES;
				CLANG_WARN_COMMA = YES;
				CLANG_WARN_CONSTANT_CONVERSION = YES;
				CLANG_WARN_DEPRECATED_OBJC_IMPLEMENTATIONS = YES;
				CLANG_WARN_DIRECT_OBJC_ISA_USAGE = YES_ERROR;
				CLANG_WARN_DOCUMENTATION_COMMENTS = YES;
				CLANG_WARN_EMPTY_BODY = YES;
				CLANG_WARN_ENUM_CONVERSION = YES;
				CLANG_WARN_INFINITE_RECURSION = YES;
				CLANG_WARN_INT_CONVERSION = YES;
				CLANG_WARN_NON_LITERAL_NULL_CONVERSION = YES;
				CLANG_WARN_OBJC_IMPLICIT_RETAIN_SELF = YES;
				CLANG_WARN_OBJC_LITERAL_CONVERSION = YES;
				CLANG_WARN_OBJC_ROOT_CLASS = YES_ERROR;
				CLANG_WARN_QUOTED_INCLUDE_IN_FRAMEWORK_HEADER = YES;
				CLANG_WARN_RANGE_LOOP_ANALYSIS = YES;
				CLANG_WARN_STRICT_PROTOTYPES = YES;
				CLANG_WARN_SUSPICIOUS_MOVE = YES;
				CLANG_WARN_UNGUARDED_AVAILABILITY = YES_AGGRESSIVE;
				CLANG_WARN_UNREACHABLE_CODE = YES;
				CLANG_WARN__DUPLICATE_METHOD_MATCH = YES;
				COPY_PHASE_STRIP = NO;
				DEBUG_INFORMATION_FORMAT = dwarf;
				ENABLE_STRICT_OBJC_MSGSEND = YES;
				ENABLE_TESTABILITY = YES;
				GCC_C_LANGUAGE_STANDARD = gnu11;
				GCC_DYNAMIC_NO_PIC = NO;
				GCC_NO_COMMON_BLOCKS = YES;
				GCC_OPTIMIZATION_LEVEL = 0;
				GCC_PREPROCESSOR_DEFINITIONS = (
					"DEBUG=1",
					"$(inherited)",
				);
				GCC_WARN_64_TO_32_BIT_CONVERSION = YES;
				GCC_WARN_ABOUT_RETURN_TYPE = YES_ERROR;
				GCC_WARN_UNDECLARED_SELECTOR = YES;
				GCC_WARN_UNINITIALIZED_AUTOS = YES_AGGRESSIVE;
				GCC_WARN_UNUSED_FUNCTION = YES;
				GCC_WARN_UNUSED_VARIABLE = YES;
				IPHONEOS_DEPLOYMENT_TARGET = 14.5;
				MTL_ENABLE_DEBUG_INFO = INCLUDE_SOURCE;
				MTL_FAST_MATH = YES;
				ONLY_ACTIVE_ARCH = YES;
				SDKROOT = iphoneos;
				SWIFT_ACTIVE_COMPILATION_CONDITIONS = DEBUG;
				SWIFT_OPTIMIZATION_LEVEL = "-Onone";
			};
			name = Debug;
		};
		DDAB90F62694E9CE003E8B1A /* Release */ = {
			isa = XCBuildConfiguration;
			buildSettings = {
				ALWAYS_SEARCH_USER_PATHS = NO;
				CLANG_ANALYZER_NONNULL = YES;
				CLANG_ANALYZER_NUMBER_OBJECT_CONVERSION = YES_AGGRESSIVE;
				CLANG_CXX_LANGUAGE_STANDARD = "gnu++14";
				CLANG_CXX_LIBRARY = "libc++";
				CLANG_ENABLE_MODULES = YES;
				CLANG_ENABLE_OBJC_ARC = YES;
				CLANG_ENABLE_OBJC_WEAK = YES;
				CLANG_WARN_BLOCK_CAPTURE_AUTORELEASING = YES;
				CLANG_WARN_BOOL_CONVERSION = YES;
				CLANG_WARN_COMMA = YES;
				CLANG_WARN_CONSTANT_CONVERSION = YES;
				CLANG_WARN_DEPRECATED_OBJC_IMPLEMENTATIONS = YES;
				CLANG_WARN_DIRECT_OBJC_ISA_USAGE = YES_ERROR;
				CLANG_WARN_DOCUMENTATION_COMMENTS = YES;
				CLANG_WARN_EMPTY_BODY = YES;
				CLANG_WARN_ENUM_CONVERSION = YES;
				CLANG_WARN_INFINITE_RECURSION = YES;
				CLANG_WARN_INT_CONVERSION = YES;
				CLANG_WARN_NON_LITERAL_NULL_CONVERSION = YES;
				CLANG_WARN_OBJC_IMPLICIT_RETAIN_SELF = YES;
				CLANG_WARN_OBJC_LITERAL_CONVERSION = YES;
				CLANG_WARN_OBJC_ROOT_CLASS = YES_ERROR;
				CLANG_WARN_QUOTED_INCLUDE_IN_FRAMEWORK_HEADER = YES;
				CLANG_WARN_RANGE_LOOP_ANALYSIS = YES;
				CLANG_WARN_STRICT_PROTOTYPES = YES;
				CLANG_WARN_SUSPICIOUS_MOVE = YES;
				CLANG_WARN_UNGUARDED_AVAILABILITY = YES_AGGRESSIVE;
				CLANG_WARN_UNREACHABLE_CODE = YES;
				CLANG_WARN__DUPLICATE_METHOD_MATCH = YES;
				COPY_PHASE_STRIP = NO;
				DEBUG_INFORMATION_FORMAT = "dwarf-with-dsym";
				ENABLE_NS_ASSERTIONS = NO;
				ENABLE_STRICT_OBJC_MSGSEND = YES;
				GCC_C_LANGUAGE_STANDARD = gnu11;
				GCC_NO_COMMON_BLOCKS = YES;
				GCC_WARN_64_TO_32_BIT_CONVERSION = YES;
				GCC_WARN_ABOUT_RETURN_TYPE = YES_ERROR;
				GCC_WARN_UNDECLARED_SELECTOR = YES;
				GCC_WARN_UNINITIALIZED_AUTOS = YES_AGGRESSIVE;
				GCC_WARN_UNUSED_FUNCTION = YES;
				GCC_WARN_UNUSED_VARIABLE = YES;
				IPHONEOS_DEPLOYMENT_TARGET = 14.5;
				MTL_ENABLE_DEBUG_INFO = NO;
				MTL_FAST_MATH = YES;
				SDKROOT = iphoneos;
				SWIFT_COMPILATION_MODE = wholemodule;
				SWIFT_OPTIMIZATION_LEVEL = "-O";
				VALIDATE_PRODUCT = YES;
			};
			name = Release;
		};
		DDAB90F82694E9CE003E8B1A /* Debug */ = {
			isa = XCBuildConfiguration;
			buildSettings = {
				ASSETCATALOG_COMPILER_APPICON_NAME = AppIcon;
				ASSETCATALOG_COMPILER_GLOBAL_ACCENT_COLOR_NAME = AccentColor;
				CODE_SIGN_STYLE = Automatic;
				INFOPLIST_FILE = FourDesignPatterns/Info.plist;
				LD_RUNPATH_SEARCH_PATHS = (
					"$(inherited)",
					"@executable_path/Frameworks",
				);
				PRODUCT_BUNDLE_IDENTIFIER = Alexanderrub.FourDesignPatterns;
				PRODUCT_NAME = "$(TARGET_NAME)";
				SWIFT_VERSION = 5.0;
				TARGETED_DEVICE_FAMILY = "1,2";
			};
			name = Debug;
		};
		DDAB90F92694E9CE003E8B1A /* Release */ = {
			isa = XCBuildConfiguration;
			buildSettings = {
				ASSETCATALOG_COMPILER_APPICON_NAME = AppIcon;
				ASSETCATALOG_COMPILER_GLOBAL_ACCENT_COLOR_NAME = AccentColor;
				CODE_SIGN_STYLE = Automatic;
				INFOPLIST_FILE = FourDesignPatterns/Info.plist;
				LD_RUNPATH_SEARCH_PATHS = (
					"$(inherited)",
					"@executable_path/Frameworks",
				);
				PRODUCT_BUNDLE_IDENTIFIER = Alexanderrub.FourDesignPatterns;
				PRODUCT_NAME = "$(TARGET_NAME)";
				SWIFT_VERSION = 5.0;
				TARGETED_DEVICE_FAMILY = "1,2";
			};
			name = Release;
		};
/* End XCBuildConfiguration section */

/* Begin XCConfigurationList section */
		DDAB90DE2694E9CD003E8B1A /* Build configuration list for PBXProject "FourDesignPatterns" */ = {
			isa = XCConfigurationList;
			buildConfigurations = (
				DDAB90F52694E9CE003E8B1A /* Debug */,
				DDAB90F62694E9CE003E8B1A /* Release */,
			);
			defaultConfigurationIsVisible = 0;
			defaultConfigurationName = Release;
		};
		DDAB90F72694E9CE003E8B1A /* Build configuration list for PBXNativeTarget "FourDesignPatterns" */ = {
			isa = XCConfigurationList;
			buildConfigurations = (
				DDAB90F82694E9CE003E8B1A /* Debug */,
				DDAB90F92694E9CE003E8B1A /* Release */,
			);
			defaultConfigurationIsVisible = 0;
			defaultConfigurationName = Release;
		};
/* End XCConfigurationList section */
	};
	rootObject = DDAB90DB2694E9CD003E8B1A /* Project object */;
}
