// !$*UTF8*$!
{
	archiveVersion = 1;
	classes = {
	};
	objectVersion = 50;
	objects = {

/* Begin PBXBuildFile section */
		DD55455026DA75AA005DB276 /* main.m in Sources */ = {isa = PBXBuildFile; fileRef = DD55454F26DA75AA005DB276 /* main.m */; };
		DD55455926DA7684005DB276 /* Sorter.m in Sources */ = {isa = PBXBuildFile; fileRef = DD55455826DA7684005DB276 /* Sorter.m */; };
		DD55455C26DAD3CC005DB276 /* SorterDelegate.m in Sources */ = {isa = PBXBuildFile; fileRef = DD55455B26DAD3CC005DB276 /* SorterDelegate.m */; };
/* End PBXBuildFile section */

/* Begin PBXCopyFilesBuildPhase section */
		DD55454A26DA75AA005DB276 /* CopyFiles */ = {
			isa = PBXCopyFilesBuildPhase;
			buildActionMask = 2147483647;
			dstPath = /usr/share/man/man1/;
			dstSubfolderSpec = 0;
			files = (
			);
			runOnlyForDeploymentPostprocessing = 1;
		};
/* End PBXCopyFilesBuildPhase section */

/* Begin PBXFileReference section */
		DD55454C26DA75AA005DB276 /* ObjcDelegate */ = {isa = PBXFileReference; explicitFileType = "compiled.mach-o.executable"; includeInIndex = 0; path = ObjcDelegate; sourceTree = BUILT_PRODUCTS_DIR; };
		DD55454F26DA75AA005DB276 /* main.m */ = {isa = PBXFileReference; lastKnownFileType = sourcecode.c.objc; path = main.m; sourceTree = "<group>"; };
		DD55455726DA7684005DB276 /* Sorter.h */ = {isa = PBXFileReference; lastKnownFileType = sourcecode.c.h; path = Sorter.h; sourceTree = "<group>"; };
		DD55455826DA7684005DB276 /* Sorter.m */ = {isa = PBXFileReference; lastKnownFileType = sourcecode.c.objc; path = Sorter.m; sourceTree = "<group>"; };
		DD55455A26DAD3CC005DB276 /* SorterDelegate.h */ = {isa = PBXFileReference; lastKnownFileType = sourcecode.c.h; path = SorterDelegate.h; sourceTree = "<group>"; };
		DD55455B26DAD3CC005DB276 /* SorterDelegate.m */ = {isa = PBXFileReference; lastKnownFileType = sourcecode.c.objc; path = SorterDelegate.m; sourceTree = "<group>"; };
/* End PBXFileReference section */

/* Begin PBXFrameworksBuildPhase section */
		DD55454926DA75AA005DB276 /* Frameworks */ = {
			isa = PBXFrameworksBuildPhase;
			buildActionMask = 2147483647;
			files = (
			);
			runOnlyForDeploymentPostprocessing = 0;
		};
/* End PBXFrameworksBuildPhase section */

/* Begin PBXGroup section */
		DD55454326DA75AA005DB276 = {
			isa = PBXGroup;
			children = (
				DD55454E26DA75AA005DB276 /* ObjcDelegate */,
				DD55454D26DA75AA005DB276 /* Products */,
			);
			sourceTree = "<group>";
		};
		DD55454D26DA75AA005DB276 /* Products */ = {
			isa = PBXGroup;
			children = (
				DD55454C26DA75AA005DB276 /* ObjcDelegate */,
			);
			name = Products;
			sourceTree = "<group>";
		};
		DD55454E26DA75AA005DB276 /* ObjcDelegate */ = {
			isa = PBXGroup;
			children = (
				DD55454F26DA75AA005DB276 /* main.m */,
				DD55455D26DAD3D5005DB276 /* SorterDelegate */,
				DD55455626DA765E005DB276 /* Sorter */,
			);
			path = ObjcDelegate;
			sourceTree = "<group>";
		};
		DD55455626DA765E005DB276 /* Sorter */ = {
			isa = PBXGroup;
			children = (
				DD55455726DA7684005DB276 /* Sorter.h */,
				DD55455826DA7684005DB276 /* Sorter.m */,
			);
			path = Sorter;
			sourceTree = "<group>";
		};
		DD55455D26DAD3D5005DB276 /* SorterDelegate */ = {
			isa = PBXGroup;
			children = (
				DD55455A26DAD3CC005DB276 /* SorterDelegate.h */,
				DD55455B26DAD3CC005DB276 /* SorterDelegate.m */,
			);
			path = SorterDelegate;
			sourceTree = "<group>";
		};
/* End PBXGroup section */

/* Begin PBXNativeTarget section */
		DD55454B26DA75AA005DB276 /* ObjcDelegate */ = {
			isa = PBXNativeTarget;
			buildConfigurationList = DD55455326DA75AA005DB276 /* Build configuration list for PBXNativeTarget "ObjcDelegate" */;
			buildPhases = (
				DD55454826DA75AA005DB276 /* Sources */,
				DD55454926DA75AA005DB276 /* Frameworks */,
				DD55454A26DA75AA005DB276 /* CopyFiles */,
			);
			buildRules = (
			);
			dependencies = (
			);
			name = ObjcDelegate;
			productName = ObjcDelegate;
			productReference = DD55454C26DA75AA005DB276 /* ObjcDelegate */;
			productType = "com.apple.product-type.tool";
		};
/* End PBXNativeTarget section */

/* Begin PBXProject section */
		DD55454426DA75AA005DB276 /* Project object */ = {
			isa = PBXProject;
			attributes = {
				LastUpgradeCheck = 1250;
				TargetAttributes = {
					DD55454B26DA75AA005DB276 = {
						CreatedOnToolsVersion = 12.5;
					};
				};
			};
			buildConfigurationList = DD55454726DA75AA005DB276 /* Build configuration list for PBXProject "ObjcDelegate" */;
			compatibilityVersion = "Xcode 9.3";
			developmentRegion = en;
			hasScannedForEncodings = 0;
			knownRegions = (
				en,
				Base,
			);
			mainGroup = DD55454326DA75AA005DB276;
			productRefGroup = DD55454D26DA75AA005DB276 /* Products */;
			projectDirPath = "";
			projectRoot = "";
			targets = (
				DD55454B26DA75AA005DB276 /* ObjcDelegate */,
			);
		};
/* End PBXProject section */

/* Begin PBXSourcesBuildPhase section */
		DD55454826DA75AA005DB276 /* Sources */ = {
			isa = PBXSourcesBuildPhase;
			buildActionMask = 2147483647;
			files = (
				DD55455926DA7684005DB276 /* Sorter.m in Sources */,
				DD55455026DA75AA005DB276 /* main.m in Sources */,
				DD55455C26DAD3CC005DB276 /* SorterDelegate.m in Sources */,
			);
			runOnlyForDeploymentPostprocessing = 0;
		};
/* End PBXSourcesBuildPhase section */

/* Begin XCBuildConfiguration section */
		DD55455126DA75AA005DB276 /* Debug */ = {
			isa = XCBuildConfiguration;
			buildSettings = {
				ALWAYS_SEARCH_USER_PATHS = NO;
				CLANG_ANALYZER_NONNULL = YES;
				CLANG_ANALYZER_NUMBER_OBJECT_CONVERSION = YES_AGGRESSIVE;
				CLANG_CXX_LANGUAGE_STANDARD = "gnu++14";
				CLANG_CXX_LIBRARY = "libc++";
				CLANG_ENABLE_MODULES = YES;
				CLANG_ENABLE_OBJC_ARC = YES;
				CLANG_ENABLE_OBJC_WEAK = YES;
				CLANG_WARN_BLOCK_CAPTURE_AUTORELEASING = YES;
				CLANG_WARN_BOOL_CONVERSION = YES;
				CLANG_WARN_COMMA = YES;
				CLANG_WARN_CONSTANT_CONVERSION = YES;
				CLANG_WARN_DEPRECATED_OBJC_IMPLEMENTATIONS = YES;
				CLANG_WARN_DIRECT_OBJC_ISA_USAGE = YES_ERROR;
				CLANG_WARN_DOCUMENTATION_COMMENTS = YES;
				CLANG_WARN_EMPTY_BODY = YES;
				CLANG_WARN_ENUM_CONVERSION = YES;
				CLANG_WARN_INFINITE_RECURSION = YES;
				CLANG_WARN_INT_CONVERSION = YES;
				CLANG_WARN_NON_LITERAL_NULL_CONVERSION = YES;
				CLANG_WARN_OBJC_IMPLICIT_RETAIN_SELF = YES;
				CLANG_WARN_OBJC_LITERAL_CONVERSION = YES;
				CLANG_WARN_OBJC_ROOT_CLASS = YES_ERROR;
				CLANG_WARN_QUOTED_INCLUDE_IN_FRAMEWORK_HEADER = YES;
				CLANG_WARN_RANGE_LOOP_ANALYSIS = YES;
				CLANG_WARN_STRICT_PROTOTYPES = YES;
				CLANG_WARN_SUSPICIOUS_MOVE = YES;
				CLANG_WARN_UNGUARDED_AVAILABILITY = YES_AGGRESSIVE;
				CLANG_WARN_UNREACHABLE_CODE = YES;
				CLANG_WARN__DUPLICATE_METHOD_MATCH = YES;
				COPY_PHASE_STRIP = NO;
				DEBUG_INFORMATION_FORMAT = dwarf;
				ENABLE_STRICT_OBJC_MSGSEND = YES;
				ENABLE_TESTABILITY = YES;
				GCC_C_LANGUAGE_STANDARD = gnu11;
				GCC_DYNAMIC_NO_PIC = NO;
				GCC_NO_COMMON_BLOCKS = YES;
				GCC_OPTIMIZATION_LEVEL = 0;
				GCC_PREPROCESSOR_DEFINITIONS = (
					"DEBUG=1",
					"$(inherited)",
				);
				GCC_WARN_64_TO_32_BIT_CONVERSION = YES;
				GCC_WARN_ABOUT_RETURN_TYPE = YES_ERROR;
				GCC_WARN_UNDECLARED_SELECTOR = YES;
				GCC_WARN_UNINITIALIZED_AUTOS = YES_AGGRESSIVE;
				GCC_WARN_UNUSED_FUNCTION = YES;
				GCC_WARN_UNUSED_VARIABLE = YES;
				MACOSX_DEPLOYMENT_TARGET = 11.3;
				MTL_ENABLE_DEBUG_INFO = INCLUDE_SOURCE;
				MTL_FAST_MATH = YES;
				ONLY_ACTIVE_ARCH = YES;
				SDKROOT = macosx;
			};
			name = Debug;
		};
		DD55455226DA75AA005DB276 /* Release */ = {
			isa = XCBuildConfiguration;
			buildSettings = {
				ALWAYS_SEARCH_USER_PATHS = NO;
				CLANG_ANALYZER_NONNULL = YES;
				CLANG_ANALYZER_NUMBER_OBJECT_CONVERSION = YES_AGGRESSIVE;
				CLANG_CXX_LANGUAGE_STANDARD = "gnu++14";
				CLANG_CXX_LIBRARY = "libc++";
				CLANG_ENABLE_MODULES = YES;
				CLANG_ENABLE_OBJC_ARC = YES;
				CLANG_ENABLE_OBJC_WEAK = YES;
				CLANG_WARN_BLOCK_CAPTURE_AUTORELEASING = YES;
				CLANG_WARN_BOOL_CONVERSION = YES;
				CLANG_WARN_COMMA = YES;
				CLANG_WARN_CONSTANT_CONVERSION = YES;
				CLANG_WARN_DEPRECATED_OBJC_IMPLEMENTATIONS = YES;
				CLANG_WARN_DIRECT_OBJC_ISA_USAGE = YES_ERROR;
				CLANG_WARN_DOCUMENTATION_COMMENTS = YES;
				CLANG_WARN_EMPTY_BODY = YES;
				CLANG_WARN_ENUM_CONVERSION = YES;
				CLANG_WARN_INFINITE_RECURSION = YES;
				CLANG_WARN_INT_CONVERSION = YES;
				CLANG_WARN_NON_LITERAL_NULL_CONVERSION = YES;
				CLANG_WARN_OBJC_IMPLICIT_RETAIN_SELF = YES;
				CLANG_WARN_OBJC_LITERAL_CONVERSION = YES;
				CLANG_WARN_OBJC_ROOT_CLASS = YES_ERROR;
				CLANG_WARN_QUOTED_INCLUDE_IN_FRAMEWORK_HEADER = YES;
				CLANG_WARN_RANGE_LOOP_ANALYSIS = YES;
				CLANG_WARN_STRICT_PROTOTYPES = YES;
				CLANG_WARN_SUSPICIOUS_MOVE = YES;
				CLANG_WARN_UNGUARDED_AVAILABILITY = YES_AGGRESSIVE;
				CLANG_WARN_UNREACHABLE_CODE = YES;
				CLANG_WARN__DUPLICATE_METHOD_MATCH = YES;
				COPY_PHASE_STRIP = NO;
				DEBUG_INFORMATION_FORMAT = "dwarf-with-dsym";
				ENABLE_NS_ASSERTIONS = NO;
				ENABLE_STRICT_OBJC_MSGSEND = YES;
				GCC_C_LANGUAGE_STANDARD = gnu11;
				GCC_NO_COMMON_BLOCKS = YES;
				GCC_WARN_64_TO_32_BIT_CONVERSION = YES;
				GCC_WARN_ABOUT_RETURN_TYPE = YES_ERROR;
				GCC_WARN_UNDECLARED_SELECTOR = YES;
				GCC_WARN_UNINITIALIZED_AUTOS = YES_AGGRESSIVE;
				GCC_WARN_UNUSED_FUNCTION = YES;
				GCC_WARN_UNUSED_VARIABLE = YES;
				MACOSX_DEPLOYMENT_TARGET = 11.3;
				MTL_ENABLE_DEBUG_INFO = NO;
				MTL_FAST_MATH = YES;
				SDKROOT = macosx;
			};
			name = Release;
		};
		DD55455426DA75AA005DB276 /* Debug */ = {
			isa = XCBuildConfiguration;
			buildSettings = {
				CODE_SIGN_STYLE = Automatic;
				PRODUCT_NAME = "$(TARGET_NAME)";
			};
			name = Debug;
		};
		DD55455526DA75AA005DB276 /* Release */ = {
			isa = XCBuildConfiguration;
			buildSettings = {
				CODE_SIGN_STYLE = Automatic;
				PRODUCT_NAME = "$(TARGET_NAME)";
			};
			name = Release;
		};
/* End XCBuildConfiguration section */

/* Begin XCConfigurationList section */
		DD55454726DA75AA005DB276 /* Build configuration list for PBXProject "ObjcDelegate" */ = {
			isa = XCConfigurationList;
			buildConfigurations = (
				DD55455126DA75AA005DB276 /* Debug */,
				DD55455226DA75AA005DB276 /* Release */,
			);
			defaultConfigurationIsVisible = 0;
			defaultConfigurationName = Release;
		};
		DD55455326DA75AA005DB276 /* Build configuration list for PBXNativeTarget "ObjcDelegate" */ = {
			isa = XCConfigurationList;
			buildConfigurations = (
				DD55455426DA75AA005DB276 /* Debug */,
				DD55455526DA75AA005DB276 /* Release */,
			);
			defaultConfigurationIsVisible = 0;
			defaultConfigurationName = Release;
		};
/* End XCConfigurationList section */
	};
	rootObject = DD55454426DA75AA005DB276 /* Project object */;
}
